
Microsoft Visual Studio Solution File, Format Version 12.00
# Visual Studio Version 17
VisualStudioVersion = 17.3.32901.215
MinimumVisualStudioVersion = 10.0.40219.1
Project("{FAE04EC0-301F-11D3-BF4B-00C04F79EFBC}") = "GrafikoaDll", "GrafikoaDll\GrafikoaDll.csproj", "{78832402-9F04-494A-96E2-EDA0FE478C60}"
EndProject
Project("{FAE04EC0-301F-11D3-BF4B-00C04F79EFBC}") = "WindowsFormsApp1", "WindowsFormsApp1\WindowsFormsApp1.csproj", "{B2F8D64A-0B39-498F-94B8-F7687E672FA7}"
EndProject
Global
	GlobalSection(SolutionConfigurationPlatforms) = preSolution
		Debug|Any CPU = Debug|Any CPU
		Release|Any CPU = Release|Any CPU
	EndGlobalSection
	GlobalSection(ProjectConfigurationPlatforms) = postSolution
		{78832402-9F04-494A-96E2-EDA0FE478C60}.Debug|Any CPU.ActiveCfg = Debug|Any CPU
		{78832402-9F04-494A-96E2-EDA0FE478C60}.Debug|Any CPU.Build.0 = Debug|Any CPU
		{78832402-9F04-494A-96E2-EDA0FE478C60}.Release|Any CPU.ActiveCfg = Release|Any CPU
		{78832402-9F04-494A-96E2-EDA0FE478C60}.Release|Any CPU.Build.0 = Release|Any CPU
		{B2F8D64A-0B39-498F-94B8-F7687E672FA7}.Debug|Any CPU.ActiveCfg = Debug|Any CPU
		{B2F8D64A-0B39-498F-94B8-F7687E672FA7}.Debug|Any CPU.Build.0 = Debug|Any CPU
		{B2F8D64A-0B39-498F-94B8-F7687E672FA7}.Release|Any CPU.ActiveCfg = Release|Any CPU
		{B2F8D64A-0B39-498F-94B8-F7687E672FA7}.Release|Any CPU.Build.0 = Release|Any CPU
	EndGlobalSection
	GlobalSection(SolutionProperties) = preSolution
		HideSolutionNode = FALSE
	EndGlobalSection
	GlobalSection(ExtensibilityGlobals) = postSolution
		SolutionGuid = {EBB84ABD-83A9-4109-BF57-EB0C5B222235}
	EndGlobalSection
EndGlobal
