
Microsoft Visual Studio Solution File, Format Version 12.00
# Visual Studio Version 17
VisualStudioVersion = 17.3.32901.215
MinimumVisualStudioVersion = 10.0.40219.1
Project("{FAE04EC0-301F-11D3-BF4B-00C04F79EFBC}") = "WineShop", "WineShop\WineShop.csproj", "{77B1048E-267B-425B-B785-BDEE6A5FE7EE}"
EndProject
Global
	GlobalSection(SolutionConfigurationPlatforms) = preSolution
		Debug|Any CPU = Debug|Any CPU
		Release|Any CPU = Release|Any CPU
	EndGlobalSection
	GlobalSection(ProjectConfigurationPlatforms) = postSolution
		{77B1048E-267B-425B-B785-BDEE6A5FE7EE}.Debug|Any CPU.ActiveCfg = Debug|Any CPU
		{77B1048E-267B-425B-B785-BDEE6A5FE7EE}.Debug|Any CPU.Build.0 = Debug|Any CPU
		{77B1048E-267B-425B-B785-BDEE6A5FE7EE}.Release|Any CPU.ActiveCfg = Release|Any CPU
		{77B1048E-267B-425B-B785-BDEE6A5FE7EE}.Release|Any CPU.Build.0 = Release|Any CPU
	EndGlobalSection
	GlobalSection(SolutionProperties) = preSolution
		HideSolutionNode = FALSE
	EndGlobalSection
	GlobalSection(ExtensibilityGlobals) = postSolution
		SolutionGuid = {6AD44E90-F8FF-4930-A5F8-5EDAFB934107}
	EndGlobalSection
EndGlobal
